Microsoft Visual Studio Solution File, Format Version 12.00
# Visual Studio Version 17
VisualStudioVersion = 17.0.31903.59
MinimumVisualStudioVersion = 10.0.40219.1
Project("{FAE04EC0-301F-11D3-BF4B-00C04F79EFBC}") = "OAuthTokenManager", "src\OAuthTokenManager\OAuthTokenManager.csproj", "{2C0C357E-6A8D-4A7E-8E54-33FDBD4AB889}"
EndProject
Project("{FAE04EC0-301F-11D3-BF4B-00C04F79EFBC}") = "OAuthTokenManager.DemoApi", "src\OAuthTokenManager.DemoApi\OAuthTokenManager.DemoApi.csproj", "{0F75DA59-C6F4-4EB5-AB6F-CDA45A9D93B8}"
EndProject
Project("{FAE04EC0-301F-11D3-BF4B-00C04F79EFBC}") = "OAuthTokenManager.Tests", "tests\OAuthTokenManager.Tests\OAuthTokenManager.Tests.csproj", "{A2FA3F63-B935-4172-80A2-9547504908A1}"
EndProject
Global
	GlobalSection(SolutionConfigurationPlatforms) = preSolution
		Debug|Any CPU = Debug|Any CPU
		Release|Any CPU = Release|Any CPU
	EndGlobalSection
	GlobalSection(ProjectConfigurationPlatforms) = postSolution
		{2C0C357E-6A8D-4A7E-8E54-33FDBD4AB889}.Debug|Any CPU.ActiveCfg = Debug|Any CPU
		{2C0C357E-6A8D-4A7E-8E54-33FDBD4AB889}.Debug|Any CPU.Build.0 = Debug|Any CPU
		{2C0C357E-6A8D-4A7E-8E54-33FDBD4AB889}.Release|Any CPU.ActiveCfg = Release|Any CPU
		{2C0C357E-6A8D-4A7E-8E54-33FDBD4AB889}.Release|Any CPU.Build.0 = Release|Any CPU
		{0F75DA59-C6F4-4EB5-AB6F-CDA45A9D93B8}.Debug|Any CPU.ActiveCfg = Debug|Any CPU
		{0F75DA59-C6F4-4EB5-AB6F-CDA45A9D93B8}.Debug|Any CPU.Build.0 = Debug|Any CPU
		{0F75DA59-C6F4-4EB5-AB6F-CDA45A9D93B8}.Release|Any CPU.ActiveCfg = Release|Any CPU
		{0F75DA59-C6F4-4EB5-AB6F-CDA45A9D93B8}.Release|Any CPU.Build.0 = Release|Any CPU
		{A2FA3F63-B935-4172-80A2-9547504908A1}.Debug|Any CPU.ActiveCfg = Debug|Any CPU
		{A2FA3F63-B935-4172-80A2-9547504908A1}.Debug|Any CPU.Build.0 = Debug|Any CPU
		{A2FA3F63-B935-4172-80A2-9547504908A1}.Release|Any CPU.ActiveCfg = Release|Any CPU
		{A2FA3F63-B935-4172-80A2-9547504908A1}.Release|Any CPU.Build.0 = Release|Any CPU
	EndGlobalSection
	GlobalSection(SolutionProperties) = preSolution
		HideSolutionNode = FALSE
	EndGlobalSection
EndGlobal
